
Microsoft Visual Studio Solution File, Format Version 12.00
# Visual Studio Version 17
VisualStudioVersion = 17.1.32319.34
MinimumVisualStudioVersion = 10.0.40219.1
Project("{FAE04EC0-301F-11D3-BF4B-00C04F79EFBC}") = "FacebookClone.Presentation", "FacebookClone.Presentation\FacebookClone.Presentation.csproj", "{38494450-E5C0-4838-95A1-D319F4764DE7}"
EndProject
Project("{FAE04EC0-301F-11D3-BF4B-00C04F79EFBC}") = "FacebookClone.BLL", "FacebookClone.BLL\FacebookClone.BLL.csproj", "{C6CED896-F1EE-458E-AC69-36327A591C75}"
EndProject
Project("{FAE04EC0-301F-11D3-BF4B-00C04F79EFBC}") = "FacebookClone.DAL", "FacebookClone.DAL\FacebookClone.DAL.csproj", "{96FF7AFB-C102-4E84-B92E-8A281B257CB7}"
EndProject
Global
	GlobalSection(SolutionConfigurationPlatforms) = preSolution
		Debug|Any CPU = Debug|Any CPU
		Release|Any CPU = Release|Any CPU
	EndGlobalSection
	GlobalSection(ProjectConfigurationPlatforms) = postSolution
		{38494450-E5C0-4838-95A1-D319F4764DE7}.Debug|Any CPU.ActiveCfg = Debug|Any CPU
		{38494450-E5C0-4838-95A1-D319F4764DE7}.Debug|Any CPU.Build.0 = Debug|Any CPU
		{38494450-E5C0-4838-95A1-D319F4764DE7}.Release|Any CPU.ActiveCfg = Release|Any CPU
		{38494450-E5C0-4838-95A1-D319F4764DE7}.Release|Any CPU.Build.0 = Release|Any CPU
		{C6CED896-F1EE-458E-AC69-36327A591C75}.Debug|Any CPU.ActiveCfg = Debug|Any CPU
		{C6CED896-F1EE-458E-AC69-36327A591C75}.Debug|Any CPU.Build.0 = Debug|Any CPU
		{C6CED896-F1EE-458E-AC69-36327A591C75}.Release|Any CPU.ActiveCfg = Release|Any CPU
		{C6CED896-F1EE-458E-AC69-36327A591C75}.Release|Any CPU.Build.0 = Release|Any CPU
		{96FF7AFB-C102-4E84-B92E-8A281B257CB7}.Debug|Any CPU.ActiveCfg = Debug|Any CPU
		{96FF7AFB-C102-4E84-B92E-8A281B257CB7}.Debug|Any CPU.Build.0 = Debug|Any CPU
		{96FF7AFB-C102-4E84-B92E-8A281B257CB7}.Release|Any CPU.ActiveCfg = Release|Any CPU
		{96FF7AFB-C102-4E84-B92E-8A281B257CB7}.Release|Any CPU.Build.0 = Release|Any CPU
	EndGlobalSection
	GlobalSection(SolutionProperties) = preSolution
		HideSolutionNode = FALSE
	EndGlobalSection
	GlobalSection(ExtensibilityGlobals) = postSolution
		SolutionGuid = {E9F43ABF-D234-456F-86FD-F7CABF2674F9}
	EndGlobalSection
EndGlobal
